{
  "name": "yt-dlp-web-ui",
  "version": "0.1.0",
  "lockfileVersion": 3,
  "requires": true,
  "packages": {
    "": {
      "name": "yt-dlp-web-ui",
      "version": "0.1.0",
      "dependencies": {
        "@mediabunny/mp3-encoder": "1.55.7",
        "mediabunny": "1.55.7"
      },
      "engines": {
        "node": ">=18"
      }
    },
    "node_modules/@mediabunny/mp3-encoder": {
      "version": "1.55.7",
      "resolved": "https://registry.npmjs.org/@mediabunny/mp3-encoder/-/mp3-encoder-1.55.7.tgz",
      "integrity": "sha512-cJH2bSmxbaAb/ANEVCG1pajsTGLq/LH2PwNibWkvA1te+LpkDF2sBLWoqDmHBsv3DU3s+wO54jig1enKHHkVwQ==",
      "license": "MPL-2.0",
      "funding": {
        "type": "individual",
        "url": "https://github.com/sponsors/Vanilagy"
      },
      "peerDependencies": {
        "mediabunny": "^1.0.0"
      }
    },
    "node_modules/@types/dom-mediacapture-transform": {
      "version": "0.1.12",
      "resolved": "https://registry.npmjs.org/@types/dom-mediacapture-transform/-/dom-mediacapture-transform-0.1.12.tgz",
      "integrity": "sha512-d7/QsLRwF864A5mgIM/YrfiglHoYn7zgCcAoJgW404r+2DwnNr7EBbLnCWpmOMgH8y0te73L1AV6H1bmauaWFw==",
      "license": "MIT",
      "dependencies": {
        "@types/dom-webcodecs": "*"
      }
    },
    "node_modules/@types/dom-webcodecs": {
      "version": "0.1.13",
      "resolved": "https://registry.npmjs.org/@types/dom-webcodecs/-/dom-webcodecs-0.1.13.tgz",
      "integrity": "sha512-O5hkiFIcjjszPIYyUSyvScyvrBoV3NOEEZx/pMlsu44TKzWNkLVBBxnxJz42in5n3QIolYOcBYFCPZZ0h8SkwQ==",
      "license": "MIT"
    },
    "node_modules/mediabunny": {
      "version": "1.55.7",
      "resolved": "https://registry.npmjs.org/mediabunny/-/mediabunny-1.55.7.tgz",
      "integrity": "sha512-Sb/vI8frRiDPbPUwl3hz0n69NSe9yt4Nydcv5yxi8Rdgk0BgnujEGjZqE+uCTehFbafcqIu6gDAok8ln98dcqg==",
      "license": "MPL-2.0",
      "workspaces": [
        ".",
        "packages/*"
      ],
      "dependencies": {
        "@types/dom-mediacapture-transform": "^0.1.11",
        "@types/dom-webcodecs": "0.1.13"
      },
      "funding": {
        "type": "individual",
        "url": "https://github.com/sponsors/Vanilagy"
      }
    }
  }
}
